
Microsoft Visual Studio Solution File, Format Version 12.00
# Visual Studio Version 16
VisualStudioVersion = 16.0.31424.327
MinimumVisualStudioVersion = 10.0.40219.1
Project("{FAE04EC0-301F-11D3-BF4B-00C04F79EFBC}") = "InventoryShop", "InventoryShop\InventoryShop.csproj", "{54FF5B56-BF5B-41B9-A4AF-EA7F40B86C78}"
EndProject
Project("{FAE04EC0-301F-11D3-BF4B-00C04F79EFBC}") = "InventoryShop.Data", "InventoryShop.Data\InventoryShop.Data.csproj", "{4140F573-BAE7-400E-8DC7-B371CE3A6812}"
EndProject
Global
	GlobalSection(SolutionConfigurationPlatforms) = preSolution
		Debug|Any CPU = Debug|Any CPU
		Release|Any CPU = Release|Any CPU
	EndGlobalSection
	GlobalSection(ProjectConfigurationPlatforms) = postSolution
		{54FF5B56-BF5B-41B9-A4AF-EA7F40B86C78}.Debug|Any CPU.ActiveCfg = Debug|Any CPU
		{54FF5B56-BF5B-41B9-A4AF-EA7F40B86C78}.Debug|Any CPU.Build.0 = Debug|Any CPU
		{54FF5B56-BF5B-41B9-A4AF-EA7F40B86C78}.Release|Any CPU.ActiveCfg = Release|Any CPU
		{54FF5B56-BF5B-41B9-A4AF-EA7F40B86C78}.Release|Any CPU.Build.0 = Release|Any CPU
		{4140F573-BAE7-400E-8DC7-B371CE3A6812}.Debug|Any CPU.ActiveCfg = Debug|Any CPU
		{4140F573-BAE7-400E-8DC7-B371CE3A6812}.Debug|Any CPU.Build.0 = Debug|Any CPU
		{4140F573-BAE7-400E-8DC7-B371CE3A6812}.Release|Any CPU.ActiveCfg = Release|Any CPU
		{4140F573-BAE7-400E-8DC7-B371CE3A6812}.Release|Any CPU.Build.0 = Release|Any CPU
	EndGlobalSection
	GlobalSection(SolutionProperties) = preSolution
		HideSolutionNode = FALSE
	EndGlobalSection
	GlobalSection(ExtensibilityGlobals) = postSolution
		SolutionGuid = {2B2BB9D9-71C1-4A89-A6A3-940D7058BEDA}
	EndGlobalSection
EndGlobal
